// !$*UTF8*$!
{
	archiveVersion = 1;
	classes = {
	};
	objectVersion = 46;
	objects = {

/* Begin PBXBuildFile section */
		A64BC92F1EA68C44001A09F0 /* AppDelegate.swift in Sources */ = {isa = PBXBuildFile; fileRef = A64BC92E1EA68C44001A09F0 /* AppDelegate.swift */; };
		A64BC9341EA68C44001A09F0 /* Main.storyboard in Resources */ = {isa = PBXBuildFile; fileRef = A64BC9321EA68C44001A09F0 /* Main.storyboard */; };
		A64BC9361EA68C44001A09F0 /* Assets.xcassets in Resources */ = {isa = PBXBuildFile; fileRef = A64BC9351EA68C44001A09F0 /* Assets.xcassets */; };
		A64BC9391EA68C44001A09F0 /* LaunchScreen.storyboard in Resources */ = {isa = PBXBuildFile; fileRef = A64BC9371EA68C44001A09F0 /* LaunchScreen.storyboard */; };
		A64BC9421EA68C68001A09F0 /* MainView.swift in Sources */ = {isa = PBXBuildFile; fileRef = A64BC9411EA68C68001A09F0 /* MainView.swift */; };
		A64BC9491EA68C8F001A09F0 /* ExpandedTextField.swift in Sources */ = {isa = PBXBuildFile; fileRef = A64BC9451EA68C8F001A09F0 /* ExpandedTextField.swift */; };
		A64BC94A1EA68C8F001A09F0 /* SubjectViewController.swift in Sources */ = {isa = PBXBuildFile; fileRef = A64BC9461EA68C8F001A09F0 /* SubjectViewController.swift */; };
		A64BC94B1EA68C8F001A09F0 /* ObserverViewController.swift in Sources */ = {isa = PBXBuildFile; fileRef = A64BC9471EA68C8F001A09F0 /* ObserverViewController.swift */; };
		A64BC94C1EA68C8F001A09F0 /* ObserverPatternProtocols.swift in Sources */ = {isa = PBXBuildFile; fileRef = A64BC9481EA68C8F001A09F0 /* ObserverPatternProtocols.swift */; };
		A64BC9521EA68C9B001A09F0 /* JSONData.swift in Sources */ = {isa = PBXBuildFile; fileRef = A64BC94D1EA68C9B001A09F0 /* JSONData.swift */; };
		A64BC9531EA68C9B001A09F0 /* TableViewCell.swift in Sources */ = {isa = PBXBuildFile; fileRef = A64BC94E1EA68C9B001A09F0 /* TableViewCell.swift */; };
		A64BC9541EA68C9B001A09F0 /* DownloadDataClass.swift in Sources */ = {isa = PBXBuildFile; fileRef = A64BC94F1EA68C9B001A09F0 /* DownloadDataClass.swift */; };
		A64BC9551EA68C9B001A09F0 /* ListOfPhotosViewController.swift in Sources */ = {isa = PBXBuildFile; fileRef = A64BC9501EA68C9B001A09F0 /* ListOfPhotosViewController.swift */; };
		A64BC9561EA68C9B001A09F0 /* TableViewController.swift in Sources */ = {isa = PBXBuildFile; fileRef = A64BC9511EA68C9B001A09F0 /* TableViewController.swift */; };
		F5AA284283B12137519C5EDD /* Pods_JSONandObserver.framework in Frameworks */ = {isa = PBXBuildFile; fileRef = CA1A85E0E28AFF9C06C49EB1 /* Pods_JSONandObserver.framework */; };
/* End PBXBuildFile section */

/* Begin PBXFileReference section */
		2DAF09757699730E511DE88F /* Pods-JSONandObserver.release.xcconfig */ = {isa = PBXFileReference; includeInIndex = 1; lastKnownFileType = text.xcconfig; name = "Pods-JSONandObserver.release.xcconfig"; path = "Pods/Target Support Files/Pods-JSONandObserver/Pods-JSONandObserver.release.xcconfig"; sourceTree = "<group>"; };
		A64BC92B1EA68C44001A09F0 /* JSONandObserver.app */ = {isa = PBXFileReference; explicitFileType = wrapper.application; includeInIndex = 0; path = JSONandObserver.app; sourceTree = BUILT_PRODUCTS_DIR; };
		A64BC92E1EA68C44001A09F0 /* AppDelegate.swift */ = {isa = PBXFileReference; lastKnownFileType = sourcecode.swift; path = AppDelegate.swift; sourceTree = "<group>"; };
		A64BC9331EA68C44001A09F0 /* Base */ = {isa = PBXFileReference; lastKnownFileType = file.storyboard; name = Base; path = Base.lproj/Main.storyboard; sourceTree = "<group>"; };
		A64BC9351EA68C44001A09F0 /* Assets.xcassets */ = {isa = PBXFileReference; lastKnownFileType = folder.assetcatalog; path = Assets.xcassets; sourceTree = "<group>"; };
		A64BC9381EA68C44001A09F0 /* Base */ = {isa = PBXFileReference; lastKnownFileType = file.storyboard; name = Base; path = Base.lproj/LaunchScreen.storyboard; sourceTree = "<group>"; };
		A64BC93A1EA68C44001A09F0 /* Info.plist */ = {isa = PBXFileReference; lastKnownFileType = text.plist.xml; path = Info.plist; sourceTree = "<group>"; };
		A64BC9411EA68C68001A09F0 /* MainView.swift */ = {isa = PBXFileReference; fileEncoding = 4; lastKnownFileType = sourcecode.swift; path = MainView.swift; sourceTree = "<group>"; };
		A64BC9451EA68C8F001A09F0 /* ExpandedTextField.swift */ = {isa = PBXFileReference; fileEncoding = 4; lastKnownFileType = sourcecode.swift; path = ExpandedTextField.swift; sourceTree = "<group>"; };
		A64BC9461EA68C8F001A09F0 /* SubjectViewController.swift */ = {isa = PBXFileReference; fileEncoding = 4; lastKnownFileType = sourcecode.swift; path = SubjectViewController.swift; sourceTree = "<group>"; };
		A64BC9471EA68C8F001A09F0 /* ObserverViewController.swift */ = {isa = PBXFileReference; fileEncoding = 4; lastKnownFileType = sourcecode.swift; path = ObserverViewController.swift; sourceTree = "<group>"; };
		A64BC9481EA68C8F001A09F0 /* ObserverPatternProtocols.swift */ = {isa = PBXFileReference; fileEncoding = 4; lastKnownFileType = sourcecode.swift; path = ObserverPatternProtocols.swift; sourceTree = "<group>"; };
		A64BC94D1EA68C9B001A09F0 /* JSONData.swift */ = {isa = PBXFileReference; fileEncoding = 4; lastKnownFileType = sourcecode.swift; path = JSONData.swift; sourceTree = "<group>"; };
		A64BC94E1EA68C9B001A09F0 /* TableViewCell.swift */ = {isa = PBXFileReference; fileEncoding = 4; lastKnownFileType = sourcecode.swift; path = TableViewCell.swift; sourceTree = "<group>"; };
		A64BC94F1EA68C9B001A09F0 /* DownloadDataClass.swift */ = {isa = PBXFileReference; fileEncoding = 4; lastKnownFileType = sourcecode.swift; path = DownloadDataClass.swift; sourceTree = "<group>"; };
		A64BC9501EA68C9B001A09F0 /* ListOfPhotosViewController.swift */ = {isa = PBXFileReference; fileEncoding = 4; lastKnownFileType = sourcecode.swift; path = ListOfPhotosViewController.swift; sourceTree = "<group>"; };
		A64BC9511EA68C9B001A09F0 /* TableViewController.swift */ = {isa = PBXFileReference; fileEncoding = 4; lastKnownFileType = sourcecode.swift; path = TableViewController.swift; sourceTree = "<group>"; };
		CA1A85E0E28AFF9C06C49EB1 /* Pods_JSONandObserver.framework */ = {isa = PBXFileReference; explicitFileType = wrapper.framework; includeInIndex = 0; path = Pods_JSONandObserver.framework; sourceTree = BUILT_PRODUCTS_DIR; };
		F73BE3AFBBC444CCB3CA6539 /* Pods-JSONandObserver.debug.xcconfig */ = {isa = PBXFileReference; includeInIndex = 1; lastKnownFileType = text.xcconfig; name = "Pods-JSONandObserver.debug.xcconfig"; path = "Pods/Target Support Files/Pods-JSONandObserver/Pods-JSONandObserver.debug.xcconfig"; sourceTree = "<group>"; };
/* End PBXFileReference section */

/* Begin PBXFrameworksBuildPhase section */
		A64BC9281EA68C44001A09F0 /* Frameworks */ = {
			isa = PBXFrameworksBuildPhase;
			buildActionMask = 2147483647;
			files = (
				F5AA284283B12137519C5EDD /* Pods_JSONandObserver.framework in Frameworks */,
			);
			runOnlyForDeploymentPostprocessing = 0;
		};
/* End PBXFrameworksBuildPhase section */

/* Begin PBXGroup section */
		A64BC9221EA68C44001A09F0 = {
			isa = PBXGroup;
			children = (
				A64BC92D1EA68C44001A09F0 /* JSONandObserver */,
				A64BC92C1EA68C44001A09F0 /* Products */,
				DD5E323FF0215615FC58DB34 /* Pods */,
				E4C1D669C0E238BA4F02ACE8 /* Frameworks */,
			);
			sourceTree = "<group>";
		};
		A64BC92C1EA68C44001A09F0 /* Products */ = {
			isa = PBXGroup;
			children = (
				A64BC92B1EA68C44001A09F0 /* JSONandObserver.app */,
			);
			name = Products;
			sourceTree = "<group>";
		};
		A64BC92D1EA68C44001A09F0 /* JSONandObserver */ = {
			isa = PBXGroup;
			children = (
				A64BC9441EA68C7E001A09F0 /* List of JSON photos */,
				A64BC9431EA68C76001A09F0 /* Observer Pattern */,
				A64BC9401EA68C53001A09F0 /* MainTabBar */,
				A64BC92E1EA68C44001A09F0 /* AppDelegate.swift */,
				A64BC9321EA68C44001A09F0 /* Main.storyboard */,
				A64BC9351EA68C44001A09F0 /* Assets.xcassets */,
				A64BC9371EA68C44001A09F0 /* LaunchScreen.storyboard */,
				A64BC93A1EA68C44001A09F0 /* Info.plist */,
			);
			path = JSONandObserver;
			sourceTree = "<group>";
		};
		A64BC9401EA68C53001A09F0 /* MainTabBar */ = {
			isa = PBXGroup;
			children = (
				A64BC9411EA68C68001A09F0 /* MainView.swift */,
			);
			name = MainTabBar;
			sourceTree = "<group>";
		};
		A64BC9431EA68C76001A09F0 /* Observer Pattern */ = {
			isa = PBXGroup;
			children = (
				A64BC9451EA68C8F001A09F0 /* ExpandedTextField.swift */,
				A64BC9461EA68C8F001A09F0 /* SubjectViewController.swift */,
				A64BC9471EA68C8F001A09F0 /* ObserverViewController.swift */,
				A64BC9481EA68C8F001A09F0 /* ObserverPatternProtocols.swift */,
			);
			name = "Observer Pattern";
			sourceTree = "<group>";
		};
		A64BC9441EA68C7E001A09F0 /* List of JSON photos */ = {
			isa = PBXGroup;
			children = (
				A64BC94D1EA68C9B001A09F0 /* JSONData.swift */,
				A64BC94E1EA68C9B001A09F0 /* TableViewCell.swift */,
				A64BC94F1EA68C9B001A09F0 /* DownloadDataClass.swift */,
				A64BC9501EA68C9B001A09F0 /* ListOfPhotosViewController.swift */,
				A64BC9511EA68C9B001A09F0 /* TableViewController.swift */,
			);
			name = "List of JSON photos";
			sourceTree = "<group>";
		};
		DD5E323FF0215615FC58DB34 /* Pods */ = {
			isa = PBXGroup;
			children = (
				F73BE3AFBBC444CCB3CA6539 /* Pods-JSONandObserver.debug.xcconfig */,
				2DAF09757699730E511DE88F /* Pods-JSONandObserver.release.xcconfig */,
			);
			name = Pods;
			sourceTree = "<group>";
		};
		E4C1D669C0E238BA4F02ACE8 /* Frameworks */ = {
			isa = PBXGroup;
			children = (
				CA1A85E0E28AFF9C06C49EB1 /* Pods_JSONandObserver.framework */,
			);
			name = Frameworks;
			sourceTree = "<group>";
		};
/* End PBXGroup section */

/* Begin PBXNativeTarget section */
		A64BC92A1EA68C44001A09F0 /* JSONandObserver */ = {
			isa = PBXNativeTarget;
			buildConfigurationList = A64BC93D1EA68C44001A09F0 /* Build configuration list for PBXNativeTarget "JSONandObserver" */;
			buildPhases = (
				6034ACB5D487A199AEB52E3B /* [CP] Check Pods Manifest.lock */,
				A64BC9271EA68C44001A09F0 /* Sources */,
				A64BC9281EA68C44001A09F0 /* Frameworks */,
				A64BC9291EA68C44001A09F0 /* Resources */,
				51862C609F64B0742D64979E /* [CP] Embed Pods Frameworks */,
				A6BE84102138917A59F38B07 /* [CP] Copy Pods Resources */,
			);
			buildRules = (
			);
			dependencies = (
			);
			name = JSONandObserver;
			productName = JSONandObserver;
			productReference = A64BC92B1EA68C44001A09F0 /* JSONandObserver.app */;
			productType = "com.apple.product-type.application";
		};
/* End PBXNativeTarget section */

/* Begin PBXProject section */
		A64BC9231EA68C44001A09F0 /* Project object */ = {
			isa = PBXProject;
			attributes = {
				LastSwiftUpdateCheck = 0830;
				LastUpgradeCheck = 0830;
				ORGANIZATIONNAME = lm;
				TargetAttributes = {
					A64BC92A1EA68C44001A09F0 = {
						CreatedOnToolsVersion = 8.3;
						DevelopmentTeam = ABS6LY27V6;
						ProvisioningStyle = Automatic;
					};
				};
			};
			buildConfigurationList = A64BC9261EA68C44001A09F0 /* Build configuration list for PBXProject "JSONandObserver" */;
			compatibilityVersion = "Xcode 3.2";
			developmentRegion = English;
			hasScannedForEncodings = 0;
			knownRegions = (
				en,
				Base,
			);
			mainGroup = A64BC9221EA68C44001A09F0;
			productRefGroup = A64BC92C1EA68C44001A09F0 /* Products */;
			projectDirPath = "";
			projectRoot = "";
			targets = (
				A64BC92A1EA68C44001A09F0 /* JSONandObserver */,
			);
		};
/* End PBXProject section */

/* Begin PBXResourcesBuildPhase section */
		A64BC9291EA68C44001A09F0 /* Resources */ = {
			isa = PBXResourcesBuildPhase;
			buildActionMask = 2147483647;
			files = (
				A64BC9391EA68C44001A09F0 /* LaunchScreen.storyboard in Resources */,
				A64BC9361EA68C44001A09F0 /* Assets.xcassets in Resources */,
				A64BC9341EA68C44001A09F0 /* Main.storyboard in Resources */,
			);
			runOnlyForDeploymentPostprocessing = 0;
		};
/* End PBXResourcesBuildPhase section */

/* Begin PBXShellScriptBuildPhase section */
		51862C609F64B0742D64979E /* [CP] Embed Pods Frameworks */ = {
			isa = PBXShellScriptBuildPhase;
			buildActionMask = 2147483647;
			files = (
			);
			inputPaths = (
			);
			name = "[CP] Embed Pods Frameworks";
			outputPaths = (
			);
			runOnlyForDeploymentPostprocessing = 0;
			shellPath = /bin/sh;
			shellScript = "\"${SRCROOT}/Pods/Target Support Files/Pods-JSONandObserver/Pods-JSONandObserver-frameworks.sh\"\n";
			showEnvVarsInLog = 0;
		};
		6034ACB5D487A199AEB52E3B /* [CP] Check Pods Manifest.lock */ = {
			isa = PBXShellScriptBuildPhase;
			buildActionMask = 2147483647;
			files = (
			);
			inputPaths = (
			);
			name = "[CP] Check Pods Manifest.lock";
			outputPaths = (
			);
			runOnlyForDeploymentPostprocessing = 0;
			shellPath = /bin/sh;
			shellScript = "diff \"${PODS_ROOT}/../Podfile.lock\" \"${PODS_ROOT}/Manifest.lock\" > /dev/null\nif [ $? != 0 ] ; then\n    # print error to STDERR\n    echo \"error: The sandbox is not in sync with the Podfile.lock. Run 'pod install' or update your CocoaPods installation.\" >&2\n    exit 1\nfi\n";
			showEnvVarsInLog = 0;
		};
		A6BE84102138917A59F38B07 /* [CP] Copy Pods Resources */ = {
			isa = PBXShellScriptBuildPhase;
			buildActionMask = 2147483647;
			files = (
			);
			inputPaths = (
			);
			name = "[CP] Copy Pods Resources";
			outputPaths = (
			);
			runOnlyForDeploymentPostprocessing = 0;
			shellPath = /bin/sh;
			shellScript = "\"${SRCROOT}/Pods/Target Support Files/Pods-JSONandObserver/Pods-JSONandObserver-resources.sh\"\n";
			showEnvVarsInLog = 0;
		};
/* End PBXShellScriptBuildPhase section */

/* Begin PBXSourcesBuildPhase section */
		A64BC9271EA68C44001A09F0 /* Sources */ = {
			isa = PBXSourcesBuildPhase;
			buildActionMask = 2147483647;
			files = (
				A64BC9491EA68C8F001A09F0 /* ExpandedTextField.swift in Sources */,
				A64BC94B1EA68C8F001A09F0 /* ObserverViewController.swift in Sources */,
				A64BC9531EA68C9B001A09F0 /* TableViewCell.swift in Sources */,
				A64BC94C1EA68C8F001A09F0 /* ObserverPatternProtocols.swift in Sources */,
				A64BC94A1EA68C8F001A09F0 /* SubjectViewController.swift in Sources */,
				A64BC9541EA68C9B001A09F0 /* DownloadDataClass.swift in Sources */,
				A64BC9561EA68C9B001A09F0 /* TableViewController.swift in Sources */,
				A64BC9551EA68C9B001A09F0 /* ListOfPhotosViewController.swift in Sources */,
				A64BC9521EA68C9B001A09F0 /* JSONData.swift in Sources */,
				A64BC9421EA68C68001A09F0 /* MainView.swift in Sources */,
				A64BC92F1EA68C44001A09F0 /* AppDelegate.swift in Sources */,
			);
			runOnlyForDeploymentPostprocessing = 0;
		};
/* End PBXSourcesBuildPhase section */

/* Begin PBXVariantGroup section */
		A64BC9321EA68C44001A09F0 /* Main.storyboard */ = {
			isa = PBXVariantGroup;
			children = (
				A64BC9331EA68C44001A09F0 /* Base */,
			);
			name = Main.storyboard;
			sourceTree = "<group>";
		};
		A64BC9371EA68C44001A09F0 /* LaunchScreen.storyboard */ = {
			isa = PBXVariantGroup;
			children = (
				A64BC9381EA68C44001A09F0 /* Base */,
			);
			name = LaunchScreen.storyboard;
			sourceTree = "<group>";
		};
/* End PBXVariantGroup section */

/* Begin XCBuildConfiguration section */
		A64BC93B1EA68C44001A09F0 /* Debug */ = {
			isa = XCBuildConfiguration;
			buildSettings = {
				ALWAYS_SEARCH_USER_PATHS = NO;
				CLANG_ANALYZER_NONNULL = YES;
				CLANG_ANALYZER_NUMBER_OBJECT_CONVERSION = YES_AGGRESSIVE;
				CLANG_CXX_LANGUAGE_STANDARD = "gnu++0x";
				CLANG_CXX_LIBRARY = "libc++";
				CLANG_ENABLE_MODULES = YES;
				CLANG_ENABLE_OBJC_ARC = YES;
				CLANG_WARN_BOOL_CONVERSION = YES;
				CLANG_WARN_CONSTANT_CONVERSION = YES;
				CLANG_WARN_DIRECT_OBJC_ISA_USAGE = YES_ERROR;
				CLANG_WARN_DOCUMENTATION_COMMENTS = YES;
				CLANG_WARN_EMPTY_BODY = YES;
				CLANG_WARN_ENUM_CONVERSION = YES;
				CLANG_WARN_INFINITE_RECURSION = YES;
				CLANG_WARN_INT_CONVERSION = YES;
				CLANG_WARN_OBJC_ROOT_CLASS = YES_ERROR;
				CLANG_WARN_SUSPICIOUS_MOVE = YES;
				CLANG_WARN_UNREACHABLE_CODE = YES;
				CLANG_WARN__DUPLICATE_METHOD_MATCH = YES;
				"CODE_SIGN_IDENTITY[sdk=iphoneos*]" = "iPhone Developer";
				COPY_PHASE_STRIP = NO;
				DEBUG_INFORMATION_FORMAT = dwarf;
				ENABLE_STRICT_OBJC_MSGSEND = YES;
				ENABLE_TESTABILITY = YES;
				GCC_C_LANGUAGE_STANDARD = gnu99;
				GCC_DYNAMIC_NO_PIC = NO;
				GCC_NO_COMMON_BLOCKS = YES;
				GCC_OPTIMIZATION_LEVEL = 0;
				GCC_PREPROCESSOR_DEFINITIONS = (
					"DEBUG=1",
					"$(inherited)",
				);
				GCC_WARN_64_TO_32_BIT_CONVERSION = YES;
				GCC_WARN_ABOUT_RETURN_TYPE = YES_ERROR;
				GCC_WARN_UNDECLARED_SELECTOR = YES;
				GCC_WARN_UNINITIALIZED_AUTOS = YES_AGGRESSIVE;
				GCC_WARN_UNUSED_FUNCTION = YES;
				GCC_WARN_UNUSED_VARIABLE = YES;
				IPHONEOS_DEPLOYMENT_TARGET = 10.3;
				MTL_ENABLE_DEBUG_INFO = YES;
				ONLY_ACTIVE_ARCH = YES;
				SDKROOT = iphoneos;
				SWIFT_ACTIVE_COMPILATION_CONDITIONS = DEBUG;
				SWIFT_OPTIMIZATION_LEVEL = "-Onone";
				TARGETED_DEVICE_FAMILY = "1,2";
			};
			name = Debug;
		};
		A64BC93C1EA68C44001A09F0 /* Release */ = {
			isa = XCBuildConfiguration;
			buildSettings = {
				ALWAYS_SEARCH_USER_PATHS = NO;
				CLANG_ANALYZER_NONNULL = YES;
				CLANG_ANALYZER_NUMBER_OBJECT_CONVERSION = YES_AGGRESSIVE;
				CLANG_CXX_LANGUAGE_STANDARD = "gnu++0x";
				CLANG_CXX_LIBRARY = "libc++";
				CLANG_ENABLE_MODULES = YES;
				CLANG_ENABLE_OBJC_ARC = YES;
				CLANG_WARN_BOOL_CONVERSION = YES;
				CLANG_WARN_CONSTANT_CONVERSION = YES;
				CLANG_WARN_DIRECT_OBJC_ISA_USAGE = YES_ERROR;
				CLANG_WARN_DOCUMENTATION_COMMENTS = YES;
				CLANG_WARN_EMPTY_BODY = YES;
				CLANG_WARN_ENUM_CONVERSION = YES;
				CLANG_WARN_INFINITE_RECURSION = YES;
				CLANG_WARN_INT_CONVERSION = YES;
				CLANG_WARN_OBJC_ROOT_CLASS = YES_ERROR;
				CLANG_WARN_SUSPICIOUS_MOVE = YES;
				CLANG_WARN_UNREACHABLE_CODE = YES;
				CLANG_WARN__DUPLICATE_METHOD_MATCH = YES;
				"CODE_SIGN_IDENTITY[sdk=iphoneos*]" = "iPhone Developer";
				COPY_PHASE_STRIP = NO;
				DEBUG_INFORMATION_FORMAT = "dwarf-with-dsym";
				ENABLE_NS_ASSERTIONS = NO;
				ENABLE_STRICT_OBJC_MSGSEND = YES;
				GCC_C_LANGUAGE_STANDARD = gnu99;
				GCC_NO_COMMON_BLOCKS = YES;
				GCC_WARN_64_TO_32_BIT_CONVERSION = YES;
				GCC_WARN_ABOUT_RETURN_TYPE = YES_ERROR;
				GCC_WARN_UNDECLARED_SELECTOR = YES;
				GCC_WARN_UNINITIALIZED_AUTOS = YES_AGGRESSIVE;
				GCC_WARN_UNUSED_FUNCTION = YES;
				GCC_WARN_UNUSED_VARIABLE = YES;
				IPHONEOS_DEPLOYMENT_TARGET = 10.3;
				MTL_ENABLE_DEBUG_INFO = NO;
				SDKROOT = iphoneos;
				SWIFT_OPTIMIZATION_LEVEL = "-Owholemodule";
				TARGETED_DEVICE_FAMILY = "1,2";
				VALIDATE_PRODUCT = YES;
			};
			name = Release;
		};
		A64BC93E1EA68C44001A09F0 /* Debug */ = {
			isa = XCBuildConfiguration;
			baseConfigurationReference = F73BE3AFBBC444CCB3CA6539 /* Pods-JSONandObserver.debug.xcconfig */;
			buildSettings = {
				ASSETCATALOG_COMPILER_APPICON_NAME = AppIcon;
				DEVELOPMENT_TEAM = ABS6LY27V6;
				INFOPLIST_FILE = JSONandObserver/Info.plist;
				LD_RUNPATH_SEARCH_PATHS = "$(inherited) @executable_path/Frameworks";
				PRODUCT_BUNDLE_IDENTIFIER = com.lm.JSONandObserver;
				PRODUCT_NAME = "$(TARGET_NAME)";
				SWIFT_VERSION = 3.0;
			};
			name = Debug;
		};
		A64BC93F1EA68C44001A09F0 /* Release */ = {
			isa = XCBuildConfiguration;
			baseConfigurationReference = 2DAF09757699730E511DE88F /* Pods-JSONandObserver.release.xcconfig */;
			buildSettings = {
				ASSETCATALOG_COMPILER_APPICON_NAME = AppIcon;
				DEVELOPMENT_TEAM = ABS6LY27V6;
				INFOPLIST_FILE = JSONandObserver/Info.plist;
				LD_RUNPATH_SEARCH_PATHS = "$(inherited) @executable_path/Frameworks";
				PRODUCT_BUNDLE_IDENTIFIER = com.lm.JSONandObserver;
				PRODUCT_NAME = "$(TARGET_NAME)";
				SWIFT_VERSION = 3.0;
			};
			name = Release;
		};
/* End XCBuildConfiguration section */

/* Begin XCConfigurationList section */
		A64BC9261EA68C44001A09F0 /* Build configuration list for PBXProject "JSONandObserver" */ = {
			isa = XCConfigurationList;
			buildConfigurations = (
				A64BC93B1EA68C44001A09F0 /* Debug */,
				A64BC93C1EA68C44001A09F0 /* Release */,
			);
			defaultConfigurationIsVisible = 0;
			defaultConfigurationName = Release;
		};
		A64BC93D1EA68C44001A09F0 /* Build configuration list for PBXNativeTarget "JSONandObserver" */ = {
			isa = XCConfigurationList;
			buildConfigurations = (
				A64BC93E1EA68C44001A09F0 /* Debug */,
				A64BC93F1EA68C44001A09F0 /* Release */,
			);
			defaultConfigurationIsVisible = 0;
		};
/* End XCConfigurationList section */
	};
	rootObject = A64BC9231EA68C44001A09F0 /* Project object */;
}
